// !$*UTF8*$!
{
	archiveVersion = 1;
	classes = {
	};
	objectVersion = 51;
	objects = {

/* Begin PBXBuildFile section */
		2B5E0F92DBD856FD3CBA5107 /* Pods_Pokedex_ios.framework in Frameworks */ = {isa = PBXBuildFile; fileRef = 6FC3E9DD2D892B736CA2BCB2 /* Pods_Pokedex_ios.framework */; };
		73031E692352DC3F004C5F0F /* AppDelegate.swift in Sources */ = {isa = PBXBuildFile; fileRef = 73031E682352DC3F004C5F0F /* AppDelegate.swift */; };
		73031E702352DC40004C5F0F /* Assets.xcassets in Resources */ = {isa = PBXBuildFile; fileRef = 73031E6F2352DC40004C5F0F /* Assets.xcassets */; };
		73031E7E2352DC40004C5F0F /* Pokedex_iosTests.swift in Sources */ = {isa = PBXBuildFile; fileRef = 73031E7D2352DC40004C5F0F /* Pokedex_iosTests.swift */; };
		73031E892352DC40004C5F0F /* Pokedex_iosUITests.swift in Sources */ = {isa = PBXBuildFile; fileRef = 73031E882352DC40004C5F0F /* Pokedex_iosUITests.swift */; };
		73031E9C2352E2B7004C5F0F /* PokemonListUI.swift in Sources */ = {isa = PBXBuildFile; fileRef = 73031E9B2352E2B7004C5F0F /* PokemonListUI.swift */; };
		73031E9E2352E37D004C5F0F /* PokemonListViewController.swift in Sources */ = {isa = PBXBuildFile; fileRef = 73031E9D2352E37D004C5F0F /* PokemonListViewController.swift */; };
		73031EDE2352EA35004C5F0F /* PokemonListPresenter.swift in Sources */ = {isa = PBXBuildFile; fileRef = 73031EDD2352EA35004C5F0F /* PokemonListPresenter.swift */; };
		73BA12B42356B34B00944D28 /* PokedexInteractor.swift in Sources */ = {isa = PBXBuildFile; fileRef = 73BA12B32356B34B00944D28 /* PokedexInteractor.swift */; };
/* End PBXBuildFile section */

/* Begin PBXContainerItemProxy section */
		73031E7A2352DC40004C5F0F /* PBXContainerItemProxy */ = {
			isa = PBXContainerItemProxy;
			containerPortal = 73031E5D2352DC3F004C5F0F /* Project object */;
			proxyType = 1;
			remoteGlobalIDString = 73031E642352DC3F004C5F0F;
			remoteInfo = "Pokedex-ios";
		};
		73031E852352DC40004C5F0F /* PBXContainerItemProxy */ = {
			isa = PBXContainerItemProxy;
			containerPortal = 73031E5D2352DC3F004C5F0F /* Project object */;
			proxyType = 1;
			remoteGlobalIDString = 73031E642352DC3F004C5F0F;
			remoteInfo = "Pokedex-ios";
		};
/* End PBXContainerItemProxy section */

/* Begin PBXFileReference section */
		16219254C6BB7BEAD534B3F0 /* Pods-Pokedex-ios.release.xcconfig */ = {isa = PBXFileReference; includeInIndex = 1; lastKnownFileType = text.xcconfig; name = "Pods-Pokedex-ios.release.xcconfig"; path = "Target Support Files/Pods-Pokedex-ios/Pods-Pokedex-ios.release.xcconfig"; sourceTree = "<group>"; };
		6FC3E9DD2D892B736CA2BCB2 /* Pods_Pokedex_ios.framework */ = {isa = PBXFileReference; explicitFileType = wrapper.framework; includeInIndex = 0; path = Pods_Pokedex_ios.framework; sourceTree = BUILT_PRODUCTS_DIR; };
		73031E652352DC3F004C5F0F /* Pokedex-ios.app */ = {isa = PBXFileReference; explicitFileType = wrapper.application; includeInIndex = 0; path = "Pokedex-ios.app"; sourceTree = BUILT_PRODUCTS_DIR; };
		73031E682352DC3F004C5F0F /* AppDelegate.swift */ = {isa = PBXFileReference; lastKnownFileType = sourcecode.swift; path = AppDelegate.swift; sourceTree = "<group>"; };
		73031E6F2352DC40004C5F0F /* Assets.xcassets */ = {isa = PBXFileReference; lastKnownFileType = folder.assetcatalog; path = Assets.xcassets; sourceTree = "<group>"; };
		73031E742352DC40004C5F0F /* Info.plist */ = {isa = PBXFileReference; lastKnownFileType = text.plist.xml; path = Info.plist; sourceTree = "<group>"; };
		73031E792352DC40004C5F0F /* Pokedex-iosTests.xctest */ = {isa = PBXFileReference; explicitFileType = wrapper.cfbundle; includeInIndex = 0; path = "Pokedex-iosTests.xctest"; sourceTree = BUILT_PRODUCTS_DIR; };
		73031E7D2352DC40004C5F0F /* Pokedex_iosTests.swift */ = {isa = PBXFileReference; lastKnownFileType = sourcecode.swift; path = Pokedex_iosTests.swift; sourceTree = "<group>"; };
		73031E7F2352DC40004C5F0F /* Info.plist */ = {isa = PBXFileReference; lastKnownFileType = text.plist.xml; path = Info.plist; sourceTree = "<group>"; };
		73031E842352DC40004C5F0F /* Pokedex-iosUITests.xctest */ = {isa = PBXFileReference; explicitFileType = wrapper.cfbundle; includeInIndex = 0; path = "Pokedex-iosUITests.xctest"; sourceTree = BUILT_PRODUCTS_DIR; };
		73031E882352DC40004C5F0F /* Pokedex_iosUITests.swift */ = {isa = PBXFileReference; lastKnownFileType = sourcecode.swift; path = Pokedex_iosUITests.swift; sourceTree = "<group>"; };
		73031E8A2352DC40004C5F0F /* Info.plist */ = {isa = PBXFileReference; lastKnownFileType = text.plist.xml; path = Info.plist; sourceTree = "<group>"; };
		73031E9B2352E2B7004C5F0F /* PokemonListUI.swift */ = {isa = PBXFileReference; lastKnownFileType = sourcecode.swift; path = PokemonListUI.swift; sourceTree = "<group>"; };
		73031E9D2352E37D004C5F0F /* PokemonListViewController.swift */ = {isa = PBXFileReference; lastKnownFileType = sourcecode.swift; path = PokemonListViewController.swift; sourceTree = "<group>"; };
		73031EDD2352EA35004C5F0F /* PokemonListPresenter.swift */ = {isa = PBXFileReference; lastKnownFileType = sourcecode.swift; path = PokemonListPresenter.swift; sourceTree = "<group>"; };
		73BA12B32356B34B00944D28 /* PokedexInteractor.swift */ = {isa = PBXFileReference; lastKnownFileType = sourcecode.swift; path = PokedexInteractor.swift; sourceTree = "<group>"; };
		C92787D11D83CC3A6C25395E /* Pods-Pokedex-ios.debug.xcconfig */ = {isa = PBXFileReference; includeInIndex = 1; lastKnownFileType = text.xcconfig; name = "Pods-Pokedex-ios.debug.xcconfig"; path = "Target Support Files/Pods-Pokedex-ios/Pods-Pokedex-ios.debug.xcconfig"; sourceTree = "<group>"; };
/* End PBXFileReference section */

/* Begin PBXFrameworksBuildPhase section */
		73031E622352DC3F004C5F0F /* Frameworks */ = {
			isa = PBXFrameworksBuildPhase;
			buildActionMask = 2147483647;
			files = (
				2B5E0F92DBD856FD3CBA5107 /* Pods_Pokedex_ios.framework in Frameworks */,
			);
			runOnlyForDeploymentPostprocessing = 0;
		};
		73031E762352DC40004C5F0F /* Frameworks */ = {
			isa = PBXFrameworksBuildPhase;
			buildActionMask = 2147483647;
			files = (
			);
			runOnlyForDeploymentPostprocessing = 0;
		};
		73031E812352DC40004C5F0F /* Frameworks */ = {
			isa = PBXFrameworksBuildPhase;
			buildActionMask = 2147483647;
			files = (
			);
			runOnlyForDeploymentPostprocessing = 0;
		};
/* End PBXFrameworksBuildPhase section */

/* Begin PBXGroup section */
		019D556B209A76BCA07C0A51 /* Frameworks */ = {
			isa = PBXGroup;
			children = (
				6FC3E9DD2D892B736CA2BCB2 /* Pods_Pokedex_ios.framework */,
			);
			name = Frameworks;
			sourceTree = "<group>";
		};
		3BB198ADF4E7FF48E5C3C152 /* Pods */ = {
			isa = PBXGroup;
			children = (
				C92787D11D83CC3A6C25395E /* Pods-Pokedex-ios.debug.xcconfig */,
				16219254C6BB7BEAD534B3F0 /* Pods-Pokedex-ios.release.xcconfig */,
			);
			path = Pods;
			sourceTree = "<group>";
		};
		73031E5C2352DC3F004C5F0F = {
			isa = PBXGroup;
			children = (
				73031E672352DC3F004C5F0F /* Pokedex */,
				73031E7C2352DC40004C5F0F /* PokedexTests */,
				73031E872352DC40004C5F0F /* PokedexUITests */,
				73031E662352DC3F004C5F0F /* Products */,
				3BB198ADF4E7FF48E5C3C152 /* Pods */,
				019D556B209A76BCA07C0A51 /* Frameworks */,
			);
			sourceTree = "<group>";
		};
		73031E662352DC3F004C5F0F /* Products */ = {
			isa = PBXGroup;
			children = (
				73031E652352DC3F004C5F0F /* Pokedex-ios.app */,
				73031E792352DC40004C5F0F /* Pokedex-iosTests.xctest */,
				73031E842352DC40004C5F0F /* Pokedex-iosUITests.xctest */,
			);
			name = Products;
			sourceTree = "<group>";
		};
		73031E672352DC3F004C5F0F /* Pokedex */ = {
			isa = PBXGroup;
			children = (
				73031E962352DC4F004C5F0F /* PokemonList */,
				73031E682352DC3F004C5F0F /* AppDelegate.swift */,
				73031E6F2352DC40004C5F0F /* Assets.xcassets */,
				73031E742352DC40004C5F0F /* Info.plist */,
			);
			path = Pokedex;
			sourceTree = "<group>";
		};
		73031E7C2352DC40004C5F0F /* PokedexTests */ = {
			isa = PBXGroup;
			children = (
				73031E7D2352DC40004C5F0F /* Pokedex_iosTests.swift */,
				73031E7F2352DC40004C5F0F /* Info.plist */,
			);
			path = PokedexTests;
			sourceTree = "<group>";
		};
		73031E872352DC40004C5F0F /* PokedexUITests */ = {
			isa = PBXGroup;
			children = (
				73031E882352DC40004C5F0F /* Pokedex_iosUITests.swift */,
				73031E8A2352DC40004C5F0F /* Info.plist */,
			);
			path = PokedexUITests;
			sourceTree = "<group>";
		};
		73031E962352DC4F004C5F0F /* PokemonList */ = {
			isa = PBXGroup;
			children = (
				73031E9B2352E2B7004C5F0F /* PokemonListUI.swift */,
				73031E9D2352E37D004C5F0F /* PokemonListViewController.swift */,
				73031EDD2352EA35004C5F0F /* PokemonListPresenter.swift */,
				73BA12B32356B34B00944D28 /* PokedexInteractor.swift */,
			);
			path = PokemonList;
			sourceTree = "<group>";
		};
/* End PBXGroup section */

/* Begin PBXNativeTarget section */
		73031E642352DC3F004C5F0F /* Pokedex-ios */ = {
			isa = PBXNativeTarget;
			buildConfigurationList = 73031E8D2352DC40004C5F0F /* Build configuration list for PBXNativeTarget "Pokedex-ios" */;
			buildPhases = (
				932FDB0FF6B64219CA23DB30 /* [CP] Check Pods Manifest.lock */,
				73031E612352DC3F004C5F0F /* Sources */,
				73031E622352DC3F004C5F0F /* Frameworks */,
				73031E632352DC3F004C5F0F /* Resources */,
				E21B848E4F1AAA1C3D37930A /* [CP] Embed Pods Frameworks */,
			);
			buildRules = (
			);
			dependencies = (
			);
			name = "Pokedex-ios";
			productName = "Pokedex-ios";
			productReference = 73031E652352DC3F004C5F0F /* Pokedex-ios.app */;
			productType = "com.apple.product-type.application";
		};
		73031E782352DC40004C5F0F /* Pokedex-iosTests */ = {
			isa = PBXNativeTarget;
			buildConfigurationList = 73031E902352DC40004C5F0F /* Build configuration list for PBXNativeTarget "Pokedex-iosTests" */;
			buildPhases = (
				73031E752352DC40004C5F0F /* Sources */,
				73031E762352DC40004C5F0F /* Frameworks */,
				73031E772352DC40004C5F0F /* Resources */,
			);
			buildRules = (
			);
			dependencies = (
				73031E7B2352DC40004C5F0F /* PBXTargetDependency */,
			);
			name = "Pokedex-iosTests";
			productName = "Pokedex-iosTests";
			productReference = 73031E792352DC40004C5F0F /* Pokedex-iosTests.xctest */;
			productType = "com.apple.product-type.bundle.unit-test";
		};
		73031E832352DC40004C5F0F /* Pokedex-iosUITests */ = {
			isa = PBXNativeTarget;
			buildConfigurationList = 73031E932352DC40004C5F0F /* Build configuration list for PBXNativeTarget "Pokedex-iosUITests" */;
			buildPhases = (
				73031E802352DC40004C5F0F /* Sources */,
				73031E812352DC40004C5F0F /* Frameworks */,
				73031E822352DC40004C5F0F /* Resources */,
			);
			buildRules = (
			);
			dependencies = (
				73031E862352DC40004C5F0F /* PBXTargetDependency */,
			);
			name = "Pokedex-iosUITests";
			productName = "Pokedex-iosUITests";
			productReference = 73031E842352DC40004C5F0F /* Pokedex-iosUITests.xctest */;
			productType = "com.apple.product-type.bundle.ui-testing";
		};
/* End PBXNativeTarget section */

/* Begin PBXProject section */
		73031E5D2352DC3F004C5F0F /* Project object */ = {
			isa = PBXProject;
			attributes = {
				LastSwiftUpdateCheck = 1010;
				LastUpgradeCheck = 1010;
				ORGANIZATIONNAME = "César Noreña";
				TargetAttributes = {
					73031E642352DC3F004C5F0F = {
						CreatedOnToolsVersion = 10.1;
					};
					73031E782352DC40004C5F0F = {
						CreatedOnToolsVersion = 10.1;
						TestTargetID = 73031E642352DC3F004C5F0F;
					};
					73031E832352DC40004C5F0F = {
						CreatedOnToolsVersion = 10.1;
						TestTargetID = 73031E642352DC3F004C5F0F;
					};
				};
			};
			buildConfigurationList = 73031E602352DC3F004C5F0F /* Build configuration list for PBXProject "Pokedex-ios" */;
			compatibilityVersion = "Xcode 9.3";
			developmentRegion = en;
			hasScannedForEncodings = 0;
			knownRegions = (
				en,
				Base,
			);
			mainGroup = 73031E5C2352DC3F004C5F0F;
			productRefGroup = 73031E662352DC3F004C5F0F /* Products */;
			projectDirPath = "";
			projectRoot = "";
			targets = (
				73031E642352DC3F004C5F0F /* Pokedex-ios */,
				73031E782352DC40004C5F0F /* Pokedex-iosTests */,
				73031E832352DC40004C5F0F /* Pokedex-iosUITests */,
			);
		};
/* End PBXProject section */

/* Begin PBXResourcesBuildPhase section */
		73031E632352DC3F004C5F0F /* Resources */ = {
			isa = PBXResourcesBuildPhase;
			buildActionMask = 2147483647;
			files = (
				73031E702352DC40004C5F0F /* Assets.xcassets in Resources */,
			);
			runOnlyForDeploymentPostprocessing = 0;
		};
		73031E772352DC40004C5F0F /* Resources */ = {
			isa = PBXResourcesBuildPhase;
			buildActionMask = 2147483647;
			files = (
			);
			runOnlyForDeploymentPostprocessing = 0;
		};
		73031E822352DC40004C5F0F /* Resources */ = {
			isa = PBXResourcesBuildPhase;
			buildActionMask = 2147483647;
			files = (
			);
			runOnlyForDeploymentPostprocessing = 0;
		};
/* End PBXResourcesBuildPhase section */

/* Begin PBXShellScriptBuildPhase section */
		932FDB0FF6B64219CA23DB30 /* [CP] Check Pods Manifest.lock */ = {
			isa = PBXShellScriptBuildPhase;
			buildActionMask = 2147483647;
			files = (
			);
			inputFileListPaths = (
			);
			inputPaths = (
				"${PODS_PODFILE_DIR_PATH}/Podfile.lock",
				"${PODS_ROOT}/Manifest.lock",
			);
			name = "[CP] Check Pods Manifest.lock";
			outputFileListPaths = (
			);
			outputPaths = (
				"$(DERIVED_FILE_DIR)/Pods-Pokedex-ios-checkManifestLockResult.txt",
			);
			runOnlyForDeploymentPostprocessing = 0;
			shellPath = /bin/sh;
			shellScript = "diff \"${PODS_PODFILE_DIR_PATH}/Podfile.lock\" \"${PODS_ROOT}/Manifest.lock\" > /dev/null\nif [ $? != 0 ] ; then\n    # print error to STDERR\n    echo \"error: The sandbox is not in sync with the Podfile.lock. Run 'pod install' or update your CocoaPods installation.\" >&2\n    exit 1\nfi\n# This output is used by Xcode 'outputs' to avoid re-running this script phase.\necho \"SUCCESS\" > \"${SCRIPT_OUTPUT_FILE_0}\"\n";
			showEnvVarsInLog = 0;
		};
		E21B848E4F1AAA1C3D37930A /* [CP] Embed Pods Frameworks */ = {
			isa = PBXShellScriptBuildPhase;
			buildActionMask = 2147483647;
			files = (
			);
			inputFileListPaths = (
				"${PODS_ROOT}/Target Support Files/Pods-Pokedex-ios/Pods-Pokedex-ios-frameworks-${CONFIGURATION}-input-files.xcfilelist",
			);
			name = "[CP] Embed Pods Frameworks";
			outputFileListPaths = (
				"${PODS_ROOT}/Target Support Files/Pods-Pokedex-ios/Pods-Pokedex-ios-frameworks-${CONFIGURATION}-output-files.xcfilelist",
			);
			runOnlyForDeploymentPostprocessing = 0;
			shellPath = /bin/sh;
			shellScript = "\"${PODS_ROOT}/Target Support Files/Pods-Pokedex-ios/Pods-Pokedex-ios-frameworks.sh\"\n";
			showEnvVarsInLog = 0;
		};
/* End PBXShellScriptBuildPhase section */

/* Begin PBXSourcesBuildPhase section */
		73031E612352DC3F004C5F0F /* Sources */ = {
			isa = PBXSourcesBuildPhase;
			buildActionMask = 2147483647;
			files = (
				73031E9C2352E2B7004C5F0F /* PokemonListUI.swift in Sources */,
				73031E9E2352E37D004C5F0F /* PokemonListViewController.swift in Sources */,
				73031EDE2352EA35004C5F0F /* PokemonListPresenter.swift in Sources */,
				73031E692352DC3F004C5F0F /* AppDelegate.swift in Sources */,
				73BA12B42356B34B00944D28 /* PokedexInteractor.swift in Sources */,
			);
			runOnlyForDeploymentPostprocessing = 0;
		};
		73031E752352DC40004C5F0F /* Sources */ = {
			isa = PBXSourcesBuildPhase;
			buildActionMask = 2147483647;
			files = (
				73031E7E2352DC40004C5F0F /* Pokedex_iosTests.swift in Sources */,
			);
			runOnlyForDeploymentPostprocessing = 0;
		};
		73031E802352DC40004C5F0F /* Sources */ = {
			isa = PBXSourcesBuildPhase;
			buildActionMask = 2147483647;
			files = (
				73031E892352DC40004C5F0F /* Pokedex_iosUITests.swift in Sources */,
			);
			runOnlyForDeploymentPostprocessing = 0;
		};
/* End PBXSourcesBuildPhase section */

/* Begin PBXTargetDependency section */
		73031E7B2352DC40004C5F0F /* PBXTargetDependency */ = {
			isa = PBXTargetDependency;
			target = 73031E642352DC3F004C5F0F /* Pokedex-ios */;
			targetProxy = 73031E7A2352DC40004C5F0F /* PBXContainerItemProxy */;
		};
		73031E862352DC40004C5F0F /* PBXTargetDependency */ = {
			isa = PBXTargetDependency;
			target = 73031E642352DC3F004C5F0F /* Pokedex-ios */;
			targetProxy = 73031E852352DC40004C5F0F /* PBXContainerItemProxy */;
		};
/* End PBXTargetDependency section */

/* Begin XCBuildConfiguration section */
		73031E8B2352DC40004C5F0F /* Debug */ = {
			isa = XCBuildConfiguration;
			buildSettings = {
				ALWAYS_SEARCH_USER_PATHS = NO;
				CLANG_ANALYZER_NONNULL = YES;
				CLANG_ANALYZER_NUMBER_OBJECT_CONVERSION = YES_AGGRESSIVE;
				CLANG_CXX_LANGUAGE_STANDARD = "gnu++14";
				CLANG_CXX_LIBRARY = "libc++";
				CLANG_ENABLE_MODULES = YES;
				CLANG_ENABLE_OBJC_ARC = YES;
				CLANG_ENABLE_OBJC_WEAK = YES;
				CLANG_WARN_BLOCK_CAPTURE_AUTORELEASING = YES;
				CLANG_WARN_BOOL_CONVERSION = YES;
				CLANG_WARN_COMMA = YES;
				CLANG_WARN_CONSTANT_CONVERSION = YES;
				CLANG_WARN_DEPRECATED_OBJC_IMPLEMENTATIONS = YES;
				CLANG_WARN_DIRECT_OBJC_ISA_USAGE = YES_ERROR;
				CLANG_WARN_DOCUMENTATION_COMMENTS = YES;
				CLANG_WARN_EMPTY_BODY = YES;
				CLANG_WARN_ENUM_CONVERSION = YES;
				CLANG_WARN_INFINITE_RECURSION = YES;
				CLANG_WARN_INT_CONVERSION = YES;
				CLANG_WARN_NON_LITERAL_NULL_CONVERSION = YES;
				CLANG_WARN_OBJC_IMPLICIT_RETAIN_SELF = YES;
				CLANG_WARN_OBJC_LITERAL_CONVERSION = YES;
				CLANG_WARN_OBJC_ROOT_CLASS = YES_ERROR;
				CLANG_WARN_RANGE_LOOP_ANALYSIS = YES;
				CLANG_WARN_STRICT_PROTOTYPES = YES;
				CLANG_WARN_SUSPICIOUS_MOVE = YES;
				CLANG_WARN_UNGUARDED_AVAILABILITY = YES_AGGRESSIVE;
				CLANG_WARN_UNREACHABLE_CODE = YES;
				CLANG_WARN__DUPLICATE_METHOD_MATCH = YES;
				CODE_SIGN_IDENTITY = "iPhone Developer";
				COPY_PHASE_STRIP = NO;
				DEBUG_INFORMATION_FORMAT = dwarf;
				ENABLE_STRICT_OBJC_MSGSEND = YES;
				ENABLE_TESTABILITY = YES;
				GCC_C_LANGUAGE_STANDARD = gnu11;
				GCC_DYNAMIC_NO_PIC = NO;
				GCC_NO_COMMON_BLOCKS = YES;
				GCC_OPTIMIZATION_LEVEL = 0;
				GCC_PREPROCESSOR_DEFINITIONS = (
					"DEBUG=1",
					"$(inherited)",
				);
				GCC_WARN_64_TO_32_BIT_CONVERSION = YES;
				GCC_WARN_ABOUT_RETURN_TYPE = YES_ERROR;
				GCC_WARN_UNDECLARED_SELECTOR = YES;
				GCC_WARN_UNINITIALIZED_AUTOS = YES_AGGRESSIVE;
				GCC_WARN_UNUSED_FUNCTION = YES;
				GCC_WARN_UNUSED_VARIABLE = YES;
				IPHONEOS_DEPLOYMENT_TARGET = 12.1;
				MTL_ENABLE_DEBUG_INFO = INCLUDE_SOURCE;
				MTL_FAST_MATH = YES;
				ONLY_ACTIVE_ARCH = YES;
				SDKROOT = iphoneos;
				SWIFT_ACTIVE_COMPILATION_CONDITIONS = DEBUG;
				SWIFT_OPTIMIZATION_LEVEL = "-Onone";
			};
			name = Debug;
		};
		73031E8C2352DC40004C5F0F /* Release */ = {
			isa = XCBuildConfiguration;
			buildSettings = {
				ALWAYS_SEARCH_USER_PATHS = NO;
				CLANG_ANALYZER_NONNULL = YES;
				CLANG_ANALYZER_NUMBER_OBJECT_CONVERSION = YES_AGGRESSIVE;
				CLANG_CXX_LANGUAGE_STANDARD = "gnu++14";
				CLANG_CXX_LIBRARY = "libc++";
				CLANG_ENABLE_MODULES = YES;
				CLANG_ENABLE_OBJC_ARC = YES;
				CLANG_ENABLE_OBJC_WEAK = YES;
				CLANG_WARN_BLOCK_CAPTURE_AUTORELEASING = YES;
				CLANG_WARN_BOOL_CONVERSION = YES;
				CLANG_WARN_COMMA = YES;
				CLANG_WARN_CONSTANT_CONVERSION = YES;
				CLANG_WARN_DEPRECATED_OBJC_IMPLEMENTATIONS = YES;
				CLANG_WARN_DIRECT_OBJC_ISA_USAGE = YES_ERROR;
				CLANG_WARN_DOCUMENTATION_COMMENTS = YES;
				CLANG_WARN_EMPTY_BODY = YES;
				CLANG_WARN_ENUM_CONVERSION = YES;
				CLANG_WARN_INFINITE_RECURSION = YES;
				CLANG_WARN_INT_CONVERSION = YES;
				CLANG_WARN_NON_LITERAL_NULL_CONVERSION = YES;
				CLANG_WARN_OBJC_IMPLICIT_RETAIN_SELF = YES;
				CLANG_WARN_OBJC_LITERAL_CONVERSION = YES;
				CLANG_WARN_OBJC_ROOT_CLASS = YES_ERROR;
				CLANG_WARN_RANGE_LOOP_ANALYSIS = YES;
				CLANG_WARN_STRICT_PROTOTYPES = YES;
				CLANG_WARN_SUSPICIOUS_MOVE = YES;
				CLANG_WARN_UNGUARDED_AVAILABILITY = YES_AGGRESSIVE;
				CLANG_WARN_UNREACHABLE_CODE = YES;
				CLANG_WARN__DUPLICATE_METHOD_MATCH = YES;
				CODE_SIGN_IDENTITY = "iPhone Developer";
				COPY_PHASE_STRIP = NO;
				DEBUG_INFORMATION_FORMAT = "dwarf-with-dsym";
				ENABLE_NS_ASSERTIONS = NO;
				ENABLE_STRICT_OBJC_MSGSEND = YES;
				GCC_C_LANGUAGE_STANDARD = gnu11;
				GCC_NO_COMMON_BLOCKS = YES;
				GCC_WARN_64_TO_32_BIT_CONVERSION = YES;
				GCC_WARN_ABOUT_RETURN_TYPE = YES_ERROR;
				GCC_WARN_UNDECLARED_SELECTOR = YES;
				GCC_WARN_UNINITIALIZED_AUTOS = YES_AGGRESSIVE;
				GCC_WARN_UNUSED_FUNCTION = YES;
				GCC_WARN_UNUSED_VARIABLE = YES;
				IPHONEOS_DEPLOYMENT_TARGET = 12.1;
				MTL_ENABLE_DEBUG_INFO = NO;
				MTL_FAST_MATH = YES;
				SDKROOT = iphoneos;
				SWIFT_COMPILATION_MODE = wholemodule;
				SWIFT_OPTIMIZATION_LEVEL = "-O";
				VALIDATE_PRODUCT = YES;
			};
			name = Release;
		};
		73031E8E2352DC40004C5F0F /* Debug */ = {
			isa = XCBuildConfiguration;
			baseConfigurationReference = C92787D11D83CC3A6C25395E /* Pods-Pokedex-ios.debug.xcconfig */;
			buildSettings = {
				ASSETCATALOG_COMPILER_APPICON_NAME = AppIcon;
				CODE_SIGN_STYLE = Automatic;
				INFOPLIST_FILE = Pokedex/Info.plist;
				LD_RUNPATH_SEARCH_PATHS = (
					"$(inherited)",
					"@executable_path/Frameworks",
				);
				PRODUCT_BUNDLE_IDENTIFIER = cesarnorena.com.Pokedex;
				PRODUCT_NAME = "$(TARGET_NAME)";
				SWIFT_VERSION = 4.2;
				TARGETED_DEVICE_FAMILY = "1,2";
			};
			name = Debug;
		};
		73031E8F2352DC40004C5F0F /* Release */ = {
			isa = XCBuildConfiguration;
			baseConfigurationReference = 16219254C6BB7BEAD534B3F0 /* Pods-Pokedex-ios.release.xcconfig */;
			buildSettings = {
				ASSETCATALOG_COMPILER_APPICON_NAME = AppIcon;
				CODE_SIGN_STYLE = Automatic;
				INFOPLIST_FILE = Pokedex/Info.plist;
				LD_RUNPATH_SEARCH_PATHS = (
					"$(inherited)",
					"@executable_path/Frameworks",
				);
				PRODUCT_BUNDLE_IDENTIFIER = cesarnorena.com.Pokedex;
				PRODUCT_NAME = "$(TARGET_NAME)";
				SWIFT_VERSION = 4.2;
				TARGETED_DEVICE_FAMILY = "1,2";
			};
			name = Release;
		};
		73031E912352DC40004C5F0F /* Debug */ = {
			isa = XCBuildConfiguration;
			buildSettings = {
				ALWAYS_EMBED_SWIFT_STANDARD_LIBRARIES = YES;
				BUNDLE_LOADER = "$(TEST_HOST)";
				CODE_SIGN_STYLE = Automatic;
				INFOPLIST_FILE = PokedexTests/Info.plist;
				LD_RUNPATH_SEARCH_PATHS = (
					"$(inherited)",
					"@executable_path/Frameworks",
					"@loader_path/Frameworks",
				);
				PRODUCT_BUNDLE_IDENTIFIER = "cesarnorena.com.Pokedex-iosTests";
				PRODUCT_NAME = "$(TARGET_NAME)";
				SWIFT_VERSION = 4.2;
				TARGETED_DEVICE_FAMILY = "1,2";
				TEST_HOST = "$(BUILT_PRODUCTS_DIR)/Pokedex-ios.app/Pokedex-ios";
			};
			name = Debug;
		};
		73031E922352DC40004C5F0F /* Release */ = {
			isa = XCBuildConfiguration;
			buildSettings = {
				ALWAYS_EMBED_SWIFT_STANDARD_LIBRARIES = YES;
				BUNDLE_LOADER = "$(TEST_HOST)";
				CODE_SIGN_STYLE = Automatic;
				INFOPLIST_FILE = PokedexTests/Info.plist;
				LD_RUNPATH_SEARCH_PATHS = (
					"$(inherited)",
					"@executable_path/Frameworks",
					"@loader_path/Frameworks",
				);
				PRODUCT_BUNDLE_IDENTIFIER = "cesarnorena.com.Pokedex-iosTests";
				PRODUCT_NAME = "$(TARGET_NAME)";
				SWIFT_VERSION = 4.2;
				TARGETED_DEVICE_FAMILY = "1,2";
				TEST_HOST = "$(BUILT_PRODUCTS_DIR)/Pokedex-ios.app/Pokedex-ios";
			};
			name = Release;
		};
		73031E942352DC40004C5F0F /* Debug */ = {
			isa = XCBuildConfiguration;
			buildSettings = {
				ALWAYS_EMBED_SWIFT_STANDARD_LIBRARIES = YES;
				CODE_SIGN_STYLE = Automatic;
				INFOPLIST_FILE = PokedexUITests/Info.plist;
				LD_RUNPATH_SEARCH_PATHS = (
					"$(inherited)",
					"@executable_path/Frameworks",
					"@loader_path/Frameworks",
				);
				PRODUCT_BUNDLE_IDENTIFIER = "cesarnorena.com.Pokedex-iosUITests";
				PRODUCT_NAME = "$(TARGET_NAME)";
				SWIFT_VERSION = 4.2;
				TARGETED_DEVICE_FAMILY = "1,2";
				TEST_TARGET_NAME = "Pokedex-ios";
			};
			name = Debug;
		};
		73031E952352DC40004C5F0F /* Release */ = {
			isa = XCBuildConfiguration;
			buildSettings = {
				ALWAYS_EMBED_SWIFT_STANDARD_LIBRARIES = YES;
				CODE_SIGN_STYLE = Automatic;
				INFOPLIST_FILE = PokedexUITests/Info.plist;
				LD_RUNPATH_SEARCH_PATHS = (
					"$(inherited)",
					"@executable_path/Frameworks",
					"@loader_path/Frameworks",
				);
				PRODUCT_BUNDLE_IDENTIFIER = "cesarnorena.com.Pokedex-iosUITests";
				PRODUCT_NAME = "$(TARGET_NAME)";
				SWIFT_VERSION = 4.2;
				TARGETED_DEVICE_FAMILY = "1,2";
				TEST_TARGET_NAME = "Pokedex-ios";
			};
			name = Release;
		};
/* End XCBuildConfiguration section */

/* Begin XCConfigurationList section */
		73031E602352DC3F004C5F0F /* Build configuration list for PBXProject "Pokedex-ios" */ = {
			isa = XCConfigurationList;
			buildConfigurations = (
				73031E8B2352DC40004C5F0F /* Debug */,
				73031E8C2352DC40004C5F0F /* Release */,
			);
			defaultConfigurationIsVisible = 0;
			defaultConfigurationName = Release;
		};
		73031E8D2352DC40004C5F0F /* Build configuration list for PBXNativeTarget "Pokedex-ios" */ = {
			isa = XCConfigurationList;
			buildConfigurations = (
				73031E8E2352DC40004C5F0F /* Debug */,
				73031E8F2352DC40004C5F0F /* Release */,
			);
			defaultConfigurationIsVisible = 0;
			defaultConfigurationName = Release;
		};
		73031E902352DC40004C5F0F /* Build configuration list for PBXNativeTarget "Pokedex-iosTests" */ = {
			isa = XCConfigurationList;
			buildConfigurations = (
				73031E912352DC40004C5F0F /* Debug */,
				73031E922352DC40004C5F0F /* Release */,
			);
			defaultConfigurationIsVisible = 0;
			defaultConfigurationName = Release;
		};
		73031E932352DC40004C5F0F /* Build configuration list for PBXNativeTarget "Pokedex-iosUITests" */ = {
			isa = XCConfigurationList;
			buildConfigurations = (
				73031E942352DC40004C5F0F /* Debug */,
				73031E952352DC40004C5F0F /* Release */,
			);
			defaultConfigurationIsVisible = 0;
			defaultConfigurationName = Release;
		};
/* End XCConfigurationList section */
	};
	rootObject = 73031E5D2352DC3F004C5F0F /* Project object */;
}
